
Microsoft Visual Studio Solution File, Format Version 12.00
# Visual Studio Version 17
VisualStudioVersion = 17.2.32516.85
MinimumVisualStudioVersion = 10.0.40219.1
Project("{8BC9CEB8-8B4A-11D0-8D11-00A0C91BC942}") = "PetesWorld", "PetesWorld\PetesWorld.vcxproj", "{CE82FCFE-27EC-4E66-A7DE-0B6C6A3E2E5D}"
EndProject
Global
	GlobalSection(SolutionConfigurationPlatforms) = preSolution
		Debug|x64 = Debug|x64
		Debug|x86 = Debug|x86
		Release|x64 = Release|x64
		Release|x86 = Release|x86
	EndGlobalSection
	GlobalSection(ProjectConfigurationPlatforms) = postSolution
		{CE82FCFE-27EC-4E66-A7DE-0B6C6A3E2E5D}.Debug|x64.ActiveCfg = Debug|x64
		{CE82FCFE-27EC-4E66-A7DE-0B6C6A3E2E5D}.Debug|x64.Build.0 = Debug|x64
		{CE82FCFE-27EC-4E66-A7DE-0B6C6A3E2E5D}.Debug|x86.ActiveCfg = Debug|Win32
		{CE82FCFE-27EC-4E66-A7DE-0B6C6A3E2E5D}.Debug|x86.Build.0 = Debug|Win32
		{CE82FCFE-27EC-4E66-A7DE-0B6C6A3E2E5D}.Release|x64.ActiveCfg = Release|x64
		{CE82FCFE-27EC-4E66-A7DE-0B6C6A3E2E5D}.Release|x64.Build.0 = Release|x64
		{CE82FCFE-27EC-4E66-A7DE-0B6C6A3E2E5D}.Release|x86.ActiveCfg = Release|Win32
		{CE82FCFE-27EC-4E66-A7DE-0B6C6A3E2E5D}.Release|x86.Build.0 = Release|Win32
	EndGlobalSection
	GlobalSection(SolutionProperties) = preSolution
		HideSolutionNode = FALSE
	EndGlobalSection
	GlobalSection(ExtensibilityGlobals) = postSolution
		SolutionGuid = {37972605-1DA7-4324-966F-C94F505C5CB2}
	EndGlobalSection
EndGlobal
